// !$*UTF8*$!
{
	archiveVersion = 1;
	classes = {
	};
	objectVersion = 46;
	objects = {

/* Begin PBXBuildFile section */
		4B752A2910E99E583C9E3716 /* Pods_ParseStarterProject_Swift.framework in Frameworks */ = {isa = PBXBuildFile; fileRef = 1E1423ED643E8A61B53023D7 /* Pods_ParseStarterProject_Swift.framework */; };
		68035B571FD8DF0F00A601B2 /* phoneIcon.png in Resources */ = {isa = PBXBuildFile; fileRef = 68035B561FD8DF0E00A601B2 /* phoneIcon.png */; };
		68068D071FA7D9A8001873C7 /* BikeCellX.swift in Sources */ = {isa = PBXBuildFile; fileRef = 68068D051FA7D9A8001873C7 /* BikeCellX.swift */; };
		68068D081FA7D9A8001873C7 /* BikeCellX.xib in Resources */ = {isa = PBXBuildFile; fileRef = 68068D061FA7D9A8001873C7 /* BikeCellX.xib */; };
		6832ABA31F3A664E00D8D49A /* QRCodeGeneratorViewController.swift in Sources */ = {isa = PBXBuildFile; fileRef = 6832ABA21F3A664E00D8D49A /* QRCodeGeneratorViewController.swift */; };
		6832ABA51F3A703300D8D49A /* QRCodeReaderViewController.swift in Sources */ = {isa = PBXBuildFile; fileRef = 6832ABA41F3A703300D8D49A /* QRCodeReaderViewController.swift */; };
		6832ABA91F3BCABA00D8D49A /* SettingsViewController.swift in Sources */ = {isa = PBXBuildFile; fileRef = 6832ABA81F3BCABA00D8D49A /* SettingsViewController.swift */; };
		6832ABAB1F3BCCA500D8D49A /* BikeListController.swift in Sources */ = {isa = PBXBuildFile; fileRef = 6832ABAA1F3BCCA500D8D49A /* BikeListController.swift */; };
		6832ABAD1F3BCFA400D8D49A /* BikeListCell.swift in Sources */ = {isa = PBXBuildFile; fileRef = 6832ABAC1F3BCFA400D8D49A /* BikeListCell.swift */; };
		6832ABAF1F3BDAA000D8D49A /* AddBikeViewController.swift in Sources */ = {isa = PBXBuildFile; fileRef = 6832ABAE1F3BDAA000D8D49A /* AddBikeViewController.swift */; };
		6832ABB11F3BEA5F00D8D49A /* DisplayBikeDataViewController.swift in Sources */ = {isa = PBXBuildFile; fileRef = 6832ABB01F3BEA5F00D8D49A /* DisplayBikeDataViewController.swift */; };
		6832ABB31F3F781200D8D49A /* MessageComposer.swift in Sources */ = {isa = PBXBuildFile; fileRef = 6832ABB21F3F781200D8D49A /* MessageComposer.swift */; };
		6832ABB51F4116C100D8D49A /* OpenOrdersViewController.swift in Sources */ = {isa = PBXBuildFile; fileRef = 6832ABB41F4116C100D8D49A /* OpenOrdersViewController.swift */; };
		6832ABB71F4119CE00D8D49A /* FoundBikeViewController.swift in Sources */ = {isa = PBXBuildFile; fileRef = 6832ABB61F4119CE00D8D49A /* FoundBikeViewController.swift */; };
		6832ABB91F45159A00D8D49A /* ViewOrderInfoViewController.swift in Sources */ = {isa = PBXBuildFile; fileRef = 6832ABB81F45159A00D8D49A /* ViewOrderInfoViewController.swift */; };
		6832ABBB1F451D9F00D8D49A /* CreateWorkOrderViewController.swift in Sources */ = {isa = PBXBuildFile; fileRef = 6832ABBA1F451D9F00D8D49A /* CreateWorkOrderViewController.swift */; };
		6832ABBD1F45259F00D8D49A /* AddBikeScannerVC.swift in Sources */ = {isa = PBXBuildFile; fileRef = 6832ABBC1F45259F00D8D49A /* AddBikeScannerVC.swift */; };
		6832ABBF1F4526D300D8D49A /* ConfirmBikeVC.swift in Sources */ = {isa = PBXBuildFile; fileRef = 6832ABBE1F4526D300D8D49A /* ConfirmBikeVC.swift */; };
		687F93161F96D95E00253E00 /* GoogleService-Info.plist in Resources */ = {isa = PBXBuildFile; fileRef = 687F93151F96D7B000253E00 /* GoogleService-Info.plist */; };
		687F93181F96DCDB00253E00 /* CommonUtils.swift in Sources */ = {isa = PBXBuildFile; fileRef = 687F93171F96DCDB00253E00 /* CommonUtils.swift */; };
		6892573B1FB133530039B40F /* BikeObject.swift in Sources */ = {isa = PBXBuildFile; fileRef = 6892573A1FB133530039B40F /* BikeObject.swift */; };
		689B8AB11FAF988200EE395D /* PhotoOfBikeController.swift in Sources */ = {isa = PBXBuildFile; fileRef = 689B8AB01FAF988200EE395D /* PhotoOfBikeController.swift */; };
		689EF6521F85AD73008066C6 /* AddMessageFromStoreVC.swift in Sources */ = {isa = PBXBuildFile; fileRef = 689EF6511F85AD73008066C6 /* AddMessageFromStoreVC.swift */; };
		68A13A811F86FFD90015A6D1 /* ViewBikeViewController.swift in Sources */ = {isa = PBXBuildFile; fileRef = 68A13A801F86FFD90015A6D1 /* ViewBikeViewController.swift */; };
		68A13A831F870A640015A6D1 /* CustomerAddMessageVC.swift in Sources */ = {isa = PBXBuildFile; fileRef = 68A13A821F870A640015A6D1 /* CustomerAddMessageVC.swift */; };
		68A13A851F8A8F590015A6D1 /* MessageCell.swift in Sources */ = {isa = PBXBuildFile; fileRef = 68A13A841F8A8F590015A6D1 /* MessageCell.swift */; };
		68A4F603202A86BA0090487D /* CustomerOrStoreSelectionView.swift in Sources */ = {isa = PBXBuildFile; fileRef = 68A4F602202A86BA0090487D /* CustomerOrStoreSelectionView.swift */; };
		68A4F605202A871E0090487D /* CustomerOrStoreSelectionView.xib in Resources */ = {isa = PBXBuildFile; fileRef = 68A4F604202A871E0090487D /* CustomerOrStoreSelectionView.xib */; };
		68A4F607202BD2B90090487D /* arrow-right-gray.png in Resources */ = {isa = PBXBuildFile; fileRef = 68A4F606202BD2B80090487D /* arrow-right-gray.png */; };
		68BBC7882029384800374289 /* Background.png in Resources */ = {isa = PBXBuildFile; fileRef = 68BBC7862029384700374289 /* Background.png */; };
		68BBC7892029384800374289 /* spoke-logo-rasterized.png in Resources */ = {isa = PBXBuildFile; fileRef = 68BBC7872029384800374289 /* spoke-logo-rasterized.png */; };
		68BBC78B20293AB100374289 /* Rectangle-2.png in Resources */ = {isa = PBXBuildFile; fileRef = 68BBC78A20293AB100374289 /* Rectangle-2.png */; };
		68D4A8171FBE60FA004EF5CA /* Lato-Regular.ttf in Resources */ = {isa = PBXBuildFile; fileRef = 68D4A8161FBE60EF004EF5CA /* Lato-Regular.ttf */; };
		68D4A83D1FC2359C004EF5CA /* BikeCollectionCell.swift in Sources */ = {isa = PBXBuildFile; fileRef = 68D4A83C1FC2359C004EF5CA /* BikeCollectionCell.swift */; };
		68E5D32A1F4B557500EFC857 /* SignUpController.swift in Sources */ = {isa = PBXBuildFile; fileRef = 68E5D3291F4B557500EFC857 /* SignUpController.swift */; };
		68E5D32C1F4B6BA300EFC857 /* WorkListValues.swift in Sources */ = {isa = PBXBuildFile; fileRef = 68E5D32B1F4B6BA300EFC857 /* WorkListValues.swift */; };
		68E5D3301F4B6C1E00EFC857 /* WorkListObject.swift in Sources */ = {isa = PBXBuildFile; fileRef = 68E5D32F1F4B6C1E00EFC857 /* WorkListObject.swift */; };
		68E5D3321F4B721C00EFC857 /* AvailableServiceCell.swift in Sources */ = {isa = PBXBuildFile; fileRef = 68E5D3311F4B721C00EFC857 /* AvailableServiceCell.swift */; };
		68E8B0C92031021200D5C1B7 /* Image uploaded from iOS.png in Resources */ = {isa = PBXBuildFile; fileRef = 68E8B0C82031021100D5C1B7 /* Image uploaded from iOS.png */; };
		68F173F41F8AA872000CC893 /* CustomerMessageCell.swift in Sources */ = {isa = PBXBuildFile; fileRef = 68F173F31F8AA872000CC893 /* CustomerMessageCell.swift */; };
		68F173F61F8AAF33000CC893 /* CustomerViewMessageCell.swift in Sources */ = {isa = PBXBuildFile; fileRef = 68F173F51F8AAF33000CC893 /* CustomerViewMessageCell.swift */; };
		68F173F81F8AB081000CC893 /* CustomerViewCusMessageCell.swift in Sources */ = {isa = PBXBuildFile; fileRef = 68F173F71F8AB081000CC893 /* CustomerViewCusMessageCell.swift */; };
		814C3ACA1B69877600E307BB /* Main.storyboard in Resources */ = {isa = PBXBuildFile; fileRef = 814C3AC61B69877600E307BB /* Main.storyboard */; };
		814C3ACB1B69877600E307BB /* Images.xcassets in Resources */ = {isa = PBXBuildFile; fileRef = 814C3AC81B69877600E307BB /* Images.xcassets */; };
		81BA814B1A49DA1800E65899 /* AppDelegate.swift in Sources */ = {isa = PBXBuildFile; fileRef = 81BA814A1A49DA1800E65899 /* AppDelegate.swift */; };
		81BA814D1A49DA1800E65899 /* ViewController.swift in Sources */ = {isa = PBXBuildFile; fileRef = 81BA814C1A49DA1800E65899 /* ViewController.swift */; };
		81BA81701A49DB6800E65899 /* Bolts.framework in Frameworks */ = {isa = PBXBuildFile; fileRef = 81BA816B1A49DB6800E65899 /* Bolts.framework */; };
		81BA81711A49DB6800E65899 /* Parse.framework in Frameworks */ = {isa = PBXBuildFile; fileRef = 81BA816C1A49DB6800E65899 /* Parse.framework */; };
		81BA81771A49E0D500E65899 /* libsqlite3.dylib in Frameworks */ = {isa = PBXBuildFile; fileRef = 81BA81761A49E0D500E65899 /* libsqlite3.dylib */; };
		81BA81791A49E0DB00E65899 /* AudioToolbox.framework in Frameworks */ = {isa = PBXBuildFile; fileRef = 81BA81781A49E0DB00E65899 /* AudioToolbox.framework */; };
		81BA817B1A49E0E500E65899 /* SystemConfiguration.framework in Frameworks */ = {isa = PBXBuildFile; fileRef = 81BA817A1A49E0E500E65899 /* SystemConfiguration.framework */; };
		81BA817F1A49E0F000E65899 /* libstdc++.6.dylib in Frameworks */ = {isa = PBXBuildFile; fileRef = 81BA817E1A49E0F000E65899 /* libstdc++.6.dylib */; };
		C20B6F5E202AB683008656E9 /* LandingPageVC.swift in Sources */ = {isa = PBXBuildFile; fileRef = C20B6F5D202AB683008656E9 /* LandingPageVC.swift */; };
		C20B6F60202ACEAB008656E9 /* NewShopPhoneVC.swift in Sources */ = {isa = PBXBuildFile; fileRef = C20B6F5F202ACEAB008656E9 /* NewShopPhoneVC.swift */; };
		C20B6F62202ADD1B008656E9 /* NewShopAddressVC.swift in Sources */ = {isa = PBXBuildFile; fileRef = C20B6F61202ADD1B008656E9 /* NewShopAddressVC.swift */; };
		C20B6F64202AE8FF008656E9 /* NewShopPasswordVC.swift in Sources */ = {isa = PBXBuildFile; fileRef = C20B6F63202AE8FF008656E9 /* NewShopPasswordVC.swift */; };
		C212487B1FD618BF00F50C8C /* OpenOrderCollectionView.swift in Sources */ = {isa = PBXBuildFile; fileRef = C212487A1FD618BF00F50C8C /* OpenOrderCollectionView.swift */; };
		C212487D1FD6198900F50C8C /* BikeOrderCell.swift in Sources */ = {isa = PBXBuildFile; fileRef = C212487C1FD6198900F50C8C /* BikeOrderCell.swift */; };
		C24E2030201C24B300485E7A /* ActivateBikeViewController.swift in Sources */ = {isa = PBXBuildFile; fileRef = C24E202F201C24B200485E7A /* ActivateBikeViewController.swift */; };
		C28E5A511FD8987800D3473B /* spoke.png in Resources */ = {isa = PBXBuildFile; fileRef = C28E5A501FD8987800D3473B /* spoke.png */; };
		C28E5A531FD89DBA00D3473B /* UIExtensions.swift in Sources */ = {isa = PBXBuildFile; fileRef = C28E5A521FD89DBA00D3473B /* UIExtensions.swift */; };
		C2ABB955201926E400A003C1 /* EnterPhoneNumberViewController.swift in Sources */ = {isa = PBXBuildFile; fileRef = C2ABB954201926E400A003C1 /* EnterPhoneNumberViewController.swift */; };
		C2CA1E481FCE774A0064FAB6 /* BikeListHome.swift in Sources */ = {isa = PBXBuildFile; fileRef = C2CA1E471FCE774A0064FAB6 /* BikeListHome.swift */; };
		C2DB56431FB8C2EB00F6224D /* Icons8-Ios7-Transport-Bicycle.ico in Resources */ = {isa = PBXBuildFile; fileRef = C2DB56421FB8C2EB00F6224D /* Icons8-Ios7-Transport-Bicycle.ico */; };
		C2DB56451FB8C2F600F6224D /* bikeBackground.png in Resources */ = {isa = PBXBuildFile; fileRef = C2DB56441FB8C2F600F6224D /* bikeBackground.png */; };
		C2DB56471FB8C30400F6224D /* Urabo logo.png in Resources */ = {isa = PBXBuildFile; fileRef = C2DB56461FB8C30400F6224D /* Urabo logo.png */; };
		C2DB56491FB8C30B00F6224D /* square.png in Resources */ = {isa = PBXBuildFile; fileRef = C2DB56481FB8C30B00F6224D /* square.png */; };
		C2E53437202BFA8B0018DC30 /* NewShopPhotoVC.swift in Sources */ = {isa = PBXBuildFile; fileRef = C2E53436202BFA8B0018DC30 /* NewShopPhotoVC.swift */; };
/* End PBXBuildFile section */

/* Begin PBXFileReference section */
		07745A23F1A3B0A79C38F9E5 /* Pods-ParseStarterProject-Swift.release.xcconfig */ = {isa = PBXFileReference; includeInIndex = 1; lastKnownFileType = text.xcconfig; name = "Pods-ParseStarterProject-Swift.release.xcconfig"; path = "Pods/Target Support Files/Pods-ParseStarterProject-Swift/Pods-ParseStarterProject-Swift.release.xcconfig"; sourceTree = "<group>"; };
		1E1423ED643E8A61B53023D7 /* Pods_ParseStarterProject_Swift.framework */ = {isa = PBXFileReference; explicitFileType = wrapper.framework; includeInIndex = 0; path = Pods_ParseStarterProject_Swift.framework; sourceTree = BUILT_PRODUCTS_DIR; };
		68035B561FD8DF0E00A601B2 /* phoneIcon.png */ = {isa = PBXFileReference; lastKnownFileType = image.png; path = phoneIcon.png; sourceTree = "<group>"; };
		68068D051FA7D9A8001873C7 /* BikeCellX.swift */ = {isa = PBXFileReference; lastKnownFileType = sourcecode.swift; path = BikeCellX.swift; sourceTree = "<group>"; };
		68068D061FA7D9A8001873C7 /* BikeCellX.xib */ = {isa = PBXFileReference; lastKnownFileType = file.xib; path = BikeCellX.xib; sourceTree = "<group>"; };
		6832ABA21F3A664E00D8D49A /* QRCodeGeneratorViewController.swift */ = {isa = PBXFileReference; fileEncoding = 4; lastKnownFileType = sourcecode.swift; path = QRCodeGeneratorViewController.swift; sourceTree = "<group>"; };
		6832ABA41F3A703300D8D49A /* QRCodeReaderViewController.swift */ = {isa = PBXFileReference; fileEncoding = 4; lastKnownFileType = sourcecode.swift; path = QRCodeReaderViewController.swift; sourceTree = "<group>"; };
		6832ABA81F3BCABA00D8D49A /* SettingsViewController.swift */ = {isa = PBXFileReference; fileEncoding = 4; lastKnownFileType = sourcecode.swift; path = SettingsViewController.swift; sourceTree = "<group>"; };
		6832ABAA1F3BCCA500D8D49A /* BikeListController.swift */ = {isa = PBXFileReference; fileEncoding = 4; lastKnownFileType = sourcecode.swift; path = BikeListController.swift; sourceTree = "<group>"; };
		6832ABAC1F3BCFA400D8D49A /* BikeListCell.swift */ = {isa = PBXFileReference; fileEncoding = 4; lastKnownFileType = sourcecode.swift; path = BikeListCell.swift; sourceTree = "<group>"; };
		6832ABAE1F3BDAA000D8D49A /* AddBikeViewController.swift */ = {isa = PBXFileReference; fileEncoding = 4; lastKnownFileType = sourcecode.swift; path = AddBikeViewController.swift; sourceTree = "<group>"; };
		6832ABB01F3BEA5F00D8D49A /* DisplayBikeDataViewController.swift */ = {isa = PBXFileReference; fileEncoding = 4; lastKnownFileType = sourcecode.swift; path = DisplayBikeDataViewController.swift; sourceTree = "<group>"; };
		6832ABB21F3F781200D8D49A /* MessageComposer.swift */ = {isa = PBXFileReference; fileEncoding = 4; lastKnownFileType = sourcecode.swift; path = MessageComposer.swift; sourceTree = "<group>"; };
		6832ABB41F4116C100D8D49A /* OpenOrdersViewController.swift */ = {isa = PBXFileReference; fileEncoding = 4; lastKnownFileType = sourcecode.swift; path = OpenOrdersViewController.swift; sourceTree = "<group>"; };
		6832ABB61F4119CE00D8D49A /* FoundBikeViewController.swift */ = {isa = PBXFileReference; fileEncoding = 4; lastKnownFileType = sourcecode.swift; path = FoundBikeViewController.swift; sourceTree = "<group>"; };
		6832ABB81F45159A00D8D49A /* ViewOrderInfoViewController.swift */ = {isa = PBXFileReference; fileEncoding = 4; lastKnownFileType = sourcecode.swift; path = ViewOrderInfoViewController.swift; sourceTree = "<group>"; };
		6832ABBA1F451D9F00D8D49A /* CreateWorkOrderViewController.swift */ = {isa = PBXFileReference; fileEncoding = 4; lastKnownFileType = sourcecode.swift; path = CreateWorkOrderViewController.swift; sourceTree = "<group>"; };
		6832ABBC1F45259F00D8D49A /* AddBikeScannerVC.swift */ = {isa = PBXFileReference; fileEncoding = 4; lastKnownFileType = sourcecode.swift; path = AddBikeScannerVC.swift; sourceTree = "<group>"; };
		6832ABBE1F4526D300D8D49A /* ConfirmBikeVC.swift */ = {isa = PBXFileReference; fileEncoding = 4; lastKnownFileType = sourcecode.swift; path = ConfirmBikeVC.swift; sourceTree = "<group>"; };
		687F93151F96D7B000253E00 /* GoogleService-Info.plist */ = {isa = PBXFileReference; lastKnownFileType = text.plist.xml; path = "GoogleService-Info.plist"; sourceTree = "<group>"; };
		687F93171F96DCDB00253E00 /* CommonUtils.swift */ = {isa = PBXFileReference; lastKnownFileType = sourcecode.swift; path = CommonUtils.swift; sourceTree = "<group>"; };
		6892573A1FB133530039B40F /* BikeObject.swift */ = {isa = PBXFileReference; lastKnownFileType = sourcecode.swift; path = BikeObject.swift; sourceTree = "<group>"; };
		689B8AB01FAF988200EE395D /* PhotoOfBikeController.swift */ = {isa = PBXFileReference; lastKnownFileType = sourcecode.swift; path = PhotoOfBikeController.swift; sourceTree = "<group>"; };
		689EF6511F85AD73008066C6 /* AddMessageFromStoreVC.swift */ = {isa = PBXFileReference; lastKnownFileType = sourcecode.swift; path = AddMessageFromStoreVC.swift; sourceTree = "<group>"; };
		68A13A801F86FFD90015A6D1 /* ViewBikeViewController.swift */ = {isa = PBXFileReference; lastKnownFileType = sourcecode.swift; path = ViewBikeViewController.swift; sourceTree = "<group>"; };
		68A13A821F870A640015A6D1 /* CustomerAddMessageVC.swift */ = {isa = PBXFileReference; lastKnownFileType = sourcecode.swift; path = CustomerAddMessageVC.swift; sourceTree = "<group>"; };
		68A13A841F8A8F590015A6D1 /* MessageCell.swift */ = {isa = PBXFileReference; lastKnownFileType = sourcecode.swift; path = MessageCell.swift; sourceTree = "<group>"; };
		68A4F602202A86BA0090487D /* CustomerOrStoreSelectionView.swift */ = {isa = PBXFileReference; lastKnownFileType = sourcecode.swift; path = CustomerOrStoreSelectionView.swift; sourceTree = "<group>"; };
		68A4F604202A871E0090487D /* CustomerOrStoreSelectionView.xib */ = {isa = PBXFileReference; lastKnownFileType = file.xib; path = CustomerOrStoreSelectionView.xib; sourceTree = "<group>"; };
		68A4F606202BD2B80090487D /* arrow-right-gray.png */ = {isa = PBXFileReference; lastKnownFileType = image.png; name = "arrow-right-gray.png"; path = "Resources/arrow-right-gray.png"; sourceTree = SOURCE_ROOT; };
		68BBC7862029384700374289 /* Background.png */ = {isa = PBXFileReference; lastKnownFileType = image.png; path = Background.png; sourceTree = "<group>"; };
		68BBC7872029384800374289 /* spoke-logo-rasterized.png */ = {isa = PBXFileReference; lastKnownFileType = image.png; path = "spoke-logo-rasterized.png"; sourceTree = "<group>"; };
		68BBC78A20293AB100374289 /* Rectangle-2.png */ = {isa = PBXFileReference; lastKnownFileType = image.png; path = "Rectangle-2.png"; sourceTree = "<group>"; };
		68D4A8161FBE60EF004EF5CA /* Lato-Regular.ttf */ = {isa = PBXFileReference; lastKnownFileType = file; path = "Lato-Regular.ttf"; sourceTree = "<group>"; };
		68D4A83C1FC2359C004EF5CA /* BikeCollectionCell.swift */ = {isa = PBXFileReference; lastKnownFileType = sourcecode.swift; path = BikeCollectionCell.swift; sourceTree = "<group>"; };
		68E5D3291F4B557500EFC857 /* SignUpController.swift */ = {isa = PBXFileReference; fileEncoding = 4; lastKnownFileType = sourcecode.swift; path = SignUpController.swift; sourceTree = "<group>"; };
		68E5D32B1F4B6BA300EFC857 /* WorkListValues.swift */ = {isa = PBXFileReference; fileEncoding = 4; lastKnownFileType = sourcecode.swift; path = WorkListValues.swift; sourceTree = "<group>"; };
		68E5D32F1F4B6C1E00EFC857 /* WorkListObject.swift */ = {isa = PBXFileReference; fileEncoding = 4; lastKnownFileType = sourcecode.swift; path = WorkListObject.swift; sourceTree = "<group>"; };
		68E5D3311F4B721C00EFC857 /* AvailableServiceCell.swift */ = {isa = PBXFileReference; fileEncoding = 4; lastKnownFileType = sourcecode.swift; path = AvailableServiceCell.swift; sourceTree = "<group>"; };
		68E8B0C82031021100D5C1B7 /* Image uploaded from iOS.png */ = {isa = PBXFileReference; lastKnownFileType = image.png; name = "Image uploaded from iOS.png"; path = "Resources/Image uploaded from iOS.png"; sourceTree = SOURCE_ROOT; };
		68F173F31F8AA872000CC893 /* CustomerMessageCell.swift */ = {isa = PBXFileReference; lastKnownFileType = sourcecode.swift; path = CustomerMessageCell.swift; sourceTree = "<group>"; };
		68F173F51F8AAF33000CC893 /* CustomerViewMessageCell.swift */ = {isa = PBXFileReference; lastKnownFileType = sourcecode.swift; path = CustomerViewMessageCell.swift; sourceTree = "<group>"; };
		68F173F71F8AB081000CC893 /* CustomerViewCusMessageCell.swift */ = {isa = PBXFileReference; lastKnownFileType = sourcecode.swift; path = CustomerViewCusMessageCell.swift; sourceTree = "<group>"; };
		68F173FB1F8C4BEB000CC893 /* ParseStarterProject-Swift.entitlements */ = {isa = PBXFileReference; lastKnownFileType = text.plist.entitlements; path = "ParseStarterProject-Swift.entitlements"; sourceTree = "<group>"; };
		814C3AC71B69877600E307BB /* Base */ = {isa = PBXFileReference; lastKnownFileType = file.storyboard; name = Base; path = Base.lproj/Main.storyboard; sourceTree = "<group>"; };
		814C3AC81B69877600E307BB /* Images.xcassets */ = {isa = PBXFileReference; lastKnownFileType = folder.assetcatalog; path = Images.xcassets; sourceTree = "<group>"; };
		814C3AC91B69877600E307BB /* Info.plist */ = {isa = PBXFileReference; fileEncoding = 4; lastKnownFileType = text.plist.xml; path = Info.plist; sourceTree = "<group>"; };
		81BA81451A49DA1800E65899 /* ParseStarterProject-Swift.app */ = {isa = PBXFileReference; explicitFileType = wrapper.application; includeInIndex = 0; path = "ParseStarterProject-Swift.app"; sourceTree = BUILT_PRODUCTS_DIR; };
		81BA814A1A49DA1800E65899 /* AppDelegate.swift */ = {isa = PBXFileReference; lastKnownFileType = sourcecode.swift; path = AppDelegate.swift; sourceTree = "<group>"; };
		81BA814C1A49DA1800E65899 /* ViewController.swift */ = {isa = PBXFileReference; lastKnownFileType = sourcecode.swift; path = ViewController.swift; sourceTree = "<group>"; };
		81BA816B1A49DB6800E65899 /* Bolts.framework */ = {isa = PBXFileReference; lastKnownFileType = wrapper.framework; path = Bolts.framework; sourceTree = "<group>"; };
		81BA816C1A49DB6800E65899 /* Parse.framework */ = {isa = PBXFileReference; lastKnownFileType = wrapper.framework; path = Parse.framework; sourceTree = "<group>"; };
		81BA816E1A49DB6800E65899 /* ParseFacebookUtils.framework */ = {isa = PBXFileReference; lastKnownFileType = wrapper.framework; path = ParseFacebookUtils.framework; sourceTree = "<group>"; };
		81BA81761A49E0D500E65899 /* libsqlite3.dylib */ = {isa = PBXFileReference; lastKnownFileType = "compiled.mach-o.dylib"; name = libsqlite3.dylib; path = usr/lib/libsqlite3.dylib; sourceTree = SDKROOT; };
		81BA81781A49E0DB00E65899 /* AudioToolbox.framework */ = {isa = PBXFileReference; lastKnownFileType = wrapper.framework; name = AudioToolbox.framework; path = System/Library/Frameworks/AudioToolbox.framework; sourceTree = SDKROOT; };
		81BA817A1A49E0E500E65899 /* SystemConfiguration.framework */ = {isa = PBXFileReference; lastKnownFileType = wrapper.framework; name = SystemConfiguration.framework; path = System/Library/Frameworks/SystemConfiguration.framework; sourceTree = SDKROOT; };
		81BA817E1A49E0F000E65899 /* libstdc++.6.dylib */ = {isa = PBXFileReference; lastKnownFileType = "compiled.mach-o.dylib"; name = "libstdc++.6.dylib"; path = "usr/lib/libstdc++.6.dylib"; sourceTree = SDKROOT; };
		81BA81801A49E10C00E65899 /* ParseUI.framework */ = {isa = PBXFileReference; lastKnownFileType = wrapper.framework; path = ParseUI.framework; sourceTree = "<group>"; };
		C20B6F5D202AB683008656E9 /* LandingPageVC.swift */ = {isa = PBXFileReference; lastKnownFileType = sourcecode.swift; path = LandingPageVC.swift; sourceTree = "<group>"; };
		C20B6F5F202ACEAB008656E9 /* NewShopPhoneVC.swift */ = {isa = PBXFileReference; lastKnownFileType = sourcecode.swift; path = NewShopPhoneVC.swift; sourceTree = "<group>"; };
		C20B6F61202ADD1B008656E9 /* NewShopAddressVC.swift */ = {isa = PBXFileReference; lastKnownFileType = sourcecode.swift; path = NewShopAddressVC.swift; sourceTree = "<group>"; };
		C20B6F63202AE8FF008656E9 /* NewShopPasswordVC.swift */ = {isa = PBXFileReference; lastKnownFileType = sourcecode.swift; path = NewShopPasswordVC.swift; sourceTree = "<group>"; };
		C212487A1FD618BF00F50C8C /* OpenOrderCollectionView.swift */ = {isa = PBXFileReference; lastKnownFileType = sourcecode.swift; path = OpenOrderCollectionView.swift; sourceTree = "<group>"; };
		C212487C1FD6198900F50C8C /* BikeOrderCell.swift */ = {isa = PBXFileReference; lastKnownFileType = sourcecode.swift; path = BikeOrderCell.swift; sourceTree = "<group>"; };
		C24E202F201C24B200485E7A /* ActivateBikeViewController.swift */ = {isa = PBXFileReference; lastKnownFileType = sourcecode.swift; path = ActivateBikeViewController.swift; sourceTree = "<group>"; };
		C28E5A501FD8987800D3473B /* spoke.png */ = {isa = PBXFileReference; lastKnownFileType = image.png; path = spoke.png; sourceTree = "<group>"; };
		C28E5A521FD89DBA00D3473B /* UIExtensions.swift */ = {isa = PBXFileReference; lastKnownFileType = sourcecode.swift; path = UIExtensions.swift; sourceTree = "<group>"; };
		C2ABB954201926E400A003C1 /* EnterPhoneNumberViewController.swift */ = {isa = PBXFileReference; lastKnownFileType = sourcecode.swift; path = EnterPhoneNumberViewController.swift; sourceTree = "<group>"; };
		C2CA1E471FCE774A0064FAB6 /* BikeListHome.swift */ = {isa = PBXFileReference; fileEncoding = 4; lastKnownFileType = sourcecode.swift; path = BikeListHome.swift; sourceTree = "<group>"; };
		C2DB56421FB8C2EB00F6224D /* Icons8-Ios7-Transport-Bicycle.ico */ = {isa = PBXFileReference; lastKnownFileType = image.ico; path = "Icons8-Ios7-Transport-Bicycle.ico"; sourceTree = "<group>"; };
		C2DB56441FB8C2F600F6224D /* bikeBackground.png */ = {isa = PBXFileReference; lastKnownFileType = image.png; path = bikeBackground.png; sourceTree = "<group>"; };
		C2DB56461FB8C30400F6224D /* Urabo logo.png */ = {isa = PBXFileReference; lastKnownFileType = image.png; path = "Urabo logo.png"; sourceTree = "<group>"; };
		C2DB56481FB8C30B00F6224D /* square.png */ = {isa = PBXFileReference; lastKnownFileType = image.png; path = square.png; sourceTree = "<group>"; };
		C2E53436202BFA8B0018DC30 /* NewShopPhotoVC.swift */ = {isa = PBXFileReference; lastKnownFileType = sourcecode.swift; path = NewShopPhotoVC.swift; sourceTree = "<group>"; };
		E9FD32A9D2CECF65B918DF30 /* Pods-ParseStarterProject-Swift.debug.xcconfig */ = {isa = PBXFileReference; includeInIndex = 1; lastKnownFileType = text.xcconfig; name = "Pods-ParseStarterProject-Swift.debug.xcconfig"; path = "Pods/Target Support Files/Pods-ParseStarterProject-Swift/Pods-ParseStarterProject-Swift.debug.xcconfig"; sourceTree = "<group>"; };
/* End PBXFileReference section */

/* Begin PBXFrameworksBuildPhase section */
		81BA81421A49DA1800E65899 /* Frameworks */ = {
			isa = PBXFrameworksBuildPhase;
			buildActionMask = 2147483647;
			files = (
				81BA817F1A49E0F000E65899 /* libstdc++.6.dylib in Frameworks */,
				81BA817B1A49E0E500E65899 /* SystemConfiguration.framework in Frameworks */,
				81BA81791A49E0DB00E65899 /* AudioToolbox.framework in Frameworks */,
				81BA81771A49E0D500E65899 /* libsqlite3.dylib in Frameworks */,
				81BA81711A49DB6800E65899 /* Parse.framework in Frameworks */,
				81BA81701A49DB6800E65899 /* Bolts.framework in Frameworks */,
				4B752A2910E99E583C9E3716 /* Pods_ParseStarterProject_Swift.framework in Frameworks */,
			);
			runOnlyForDeploymentPostprocessing = 0;
		};
/* End PBXFrameworksBuildPhase section */

/* Begin PBXGroup section */
		64793EADDE6F9E2773C88226 /* Pods */ = {
			isa = PBXGroup;
			children = (
				E9FD32A9D2CECF65B918DF30 /* Pods-ParseStarterProject-Swift.debug.xcconfig */,
				07745A23F1A3B0A79C38F9E5 /* Pods-ParseStarterProject-Swift.release.xcconfig */,
			);
			name = Pods;
			sourceTree = "<group>";
		};
		814C3AC51B69877600E307BB /* Resources */ = {
			isa = PBXGroup;
			children = (
				68E8B0C82031021100D5C1B7 /* Image uploaded from iOS.png */,
				68A4F606202BD2B80090487D /* arrow-right-gray.png */,
				68BBC78A20293AB100374289 /* Rectangle-2.png */,
				68BBC7862029384700374289 /* Background.png */,
				68BBC7872029384800374289 /* spoke-logo-rasterized.png */,
				68035B561FD8DF0E00A601B2 /* phoneIcon.png */,
				814C3AC81B69877600E307BB /* Images.xcassets */,
				C28E5A501FD8987800D3473B /* spoke.png */,
				C2DB56421FB8C2EB00F6224D /* Icons8-Ios7-Transport-Bicycle.ico */,
				C2DB56441FB8C2F600F6224D /* bikeBackground.png */,
				C2DB56461FB8C30400F6224D /* Urabo logo.png */,
				C2DB56481FB8C30B00F6224D /* square.png */,
				814C3AC91B69877600E307BB /* Info.plist */,
			);
			path = Resources;
			sourceTree = "<group>";
		};
		81BA813C1A49DA1800E65899 = {
			isa = PBXGroup;
			children = (
				68F173FB1F8C4BEB000CC893 /* ParseStarterProject-Swift.entitlements */,
				687F93151F96D7B000253E00 /* GoogleService-Info.plist */,
				81BA81471A49DA1800E65899 /* ParseStarterProject */,
				814C3AC51B69877600E307BB /* Resources */,
				81BA816A1A49DB5600E65899 /* Frameworks */,
				81BA81461A49DA1800E65899 /* Products */,
				64793EADDE6F9E2773C88226 /* Pods */,
			);
			sourceTree = "<group>";
		};
		81BA81461A49DA1800E65899 /* Products */ = {
			isa = PBXGroup;
			children = (
				81BA81451A49DA1800E65899 /* ParseStarterProject-Swift.app */,
			);
			name = Products;
			sourceTree = "<group>";
		};
		81BA81471A49DA1800E65899 /* ParseStarterProject */ = {
			isa = PBXGroup;
			children = (
				68D4A8161FBE60EF004EF5CA /* Lato-Regular.ttf */,
				81BA814A1A49DA1800E65899 /* AppDelegate.swift */,
				81BA814C1A49DA1800E65899 /* ViewController.swift */,
				C2E53436202BFA8B0018DC30 /* NewShopPhotoVC.swift */,
				814C3AC61B69877600E307BB /* Main.storyboard */,
				C24E202F201C24B200485E7A /* ActivateBikeViewController.swift */,
				C2ABB954201926E400A003C1 /* EnterPhoneNumberViewController.swift */,
				C28E5A521FD89DBA00D3473B /* UIExtensions.swift */,
				68F173F71F8AB081000CC893 /* CustomerViewCusMessageCell.swift */,
				68F173F51F8AAF33000CC893 /* CustomerViewMessageCell.swift */,
				68F173F31F8AA872000CC893 /* CustomerMessageCell.swift */,
				68A13A841F8A8F590015A6D1 /* MessageCell.swift */,
				68A13A821F870A640015A6D1 /* CustomerAddMessageVC.swift */,
				6832ABA21F3A664E00D8D49A /* QRCodeGeneratorViewController.swift */,
				6832ABA41F3A703300D8D49A /* QRCodeReaderViewController.swift */,
				6832ABA81F3BCABA00D8D49A /* SettingsViewController.swift */,
				C2CA1E471FCE774A0064FAB6 /* BikeListHome.swift */,
				68D4A83C1FC2359C004EF5CA /* BikeCollectionCell.swift */,
				6832ABAA1F3BCCA500D8D49A /* BikeListController.swift */,
				6832ABAC1F3BCFA400D8D49A /* BikeListCell.swift */,
				68068D051FA7D9A8001873C7 /* BikeCellX.swift */,
				68068D061FA7D9A8001873C7 /* BikeCellX.xib */,
				68A4F602202A86BA0090487D /* CustomerOrStoreSelectionView.swift */,
				68A4F604202A871E0090487D /* CustomerOrStoreSelectionView.xib */,
				6832ABAE1F3BDAA000D8D49A /* AddBikeViewController.swift */,
				6832ABB01F3BEA5F00D8D49A /* DisplayBikeDataViewController.swift */,
				6832ABB21F3F781200D8D49A /* MessageComposer.swift */,
				689EF6511F85AD73008066C6 /* AddMessageFromStoreVC.swift */,
				6832ABB41F4116C100D8D49A /* OpenOrdersViewController.swift */,
				6832ABB61F4119CE00D8D49A /* FoundBikeViewController.swift */,
				6832ABB81F45159A00D8D49A /* ViewOrderInfoViewController.swift */,
				6832ABBA1F451D9F00D8D49A /* CreateWorkOrderViewController.swift */,
				6832ABBC1F45259F00D8D49A /* AddBikeScannerVC.swift */,
				6832ABBE1F4526D300D8D49A /* ConfirmBikeVC.swift */,
				68E5D3291F4B557500EFC857 /* SignUpController.swift */,
				68E5D32B1F4B6BA300EFC857 /* WorkListValues.swift */,
				68E5D32F1F4B6C1E00EFC857 /* WorkListObject.swift */,
				68E5D3311F4B721C00EFC857 /* AvailableServiceCell.swift */,
				68A13A801F86FFD90015A6D1 /* ViewBikeViewController.swift */,
				687F93171F96DCDB00253E00 /* CommonUtils.swift */,
				689B8AB01FAF988200EE395D /* PhotoOfBikeController.swift */,
				6892573A1FB133530039B40F /* BikeObject.swift */,
				C212487A1FD618BF00F50C8C /* OpenOrderCollectionView.swift */,
				C212487C1FD6198900F50C8C /* BikeOrderCell.swift */,
				C20B6F5D202AB683008656E9 /* LandingPageVC.swift */,
				C20B6F5F202ACEAB008656E9 /* NewShopPhoneVC.swift */,
				C20B6F61202ADD1B008656E9 /* NewShopAddressVC.swift */,
				C20B6F63202AE8FF008656E9 /* NewShopPasswordVC.swift */,
			);
			path = ParseStarterProject;
			sourceTree = "<group>";
		};
		81BA816A1A49DB5600E65899 /* Frameworks */ = {
			isa = PBXGroup;
			children = (
				81BA816B1A49DB6800E65899 /* Bolts.framework */,
				81BA816C1A49DB6800E65899 /* Parse.framework */,
				81BA816E1A49DB6800E65899 /* ParseFacebookUtils.framework */,
				81BA81801A49E10C00E65899 /* ParseUI.framework */,
				81BA81751A49E0C500E65899 /* System Frameworks */,
				1E1423ED643E8A61B53023D7 /* Pods_ParseStarterProject_Swift.framework */,
			);
			name = Frameworks;
			sourceTree = "<group>";
		};
		81BA81751A49E0C500E65899 /* System Frameworks */ = {
			isa = PBXGroup;
			children = (
				81BA817E1A49E0F000E65899 /* libstdc++.6.dylib */,
				81BA817A1A49E0E500E65899 /* SystemConfiguration.framework */,
				81BA81781A49E0DB00E65899 /* AudioToolbox.framework */,
				81BA81761A49E0D500E65899 /* libsqlite3.dylib */,
			);
			name = "System Frameworks";
			sourceTree = "<group>";
		};
/* End PBXGroup section */

/* Begin PBXNativeTarget section */
		81BA81441A49DA1800E65899 /* ParseStarterProject-Swift */ = {
			isa = PBXNativeTarget;
			buildConfigurationList = 81BA81641A49DA1800E65899 /* Build configuration list for PBXNativeTarget "ParseStarterProject-Swift" */;
			buildPhases = (
				695896D21771522681A86B71 /* [CP] Check Pods Manifest.lock */,
				81BA81411A49DA1800E65899 /* Sources */,
				81BA81421A49DA1800E65899 /* Frameworks */,
				81BA81431A49DA1800E65899 /* Resources */,
				1AFB618FA165D12943ACD03A /* [CP] Embed Pods Frameworks */,
				5FDB8A334EF8619AD45AAD37 /* [CP] Copy Pods Resources */,
			);
			buildRules = (
			);
			dependencies = (
			);
			name = "ParseStarterProject-Swift";
			productName = ParseStarterProject;
			productReference = 81BA81451A49DA1800E65899 /* ParseStarterProject-Swift.app */;
			productType = "com.apple.product-type.application";
		};
/* End PBXNativeTarget section */

/* Begin PBXProject section */
		81BA813D1A49DA1800E65899 /* Project object */ = {
			isa = PBXProject;
			attributes = {
				LastSwiftUpdateCheck = 0700;
				LastUpgradeCheck = 0910;
				ORGANIZATIONNAME = Parse;
				TargetAttributes = {
					81BA81441A49DA1800E65899 = {
						CreatedOnToolsVersion = 6.1.1;
						DevelopmentTeam = R6NAWUBW8J;
						LastSwiftMigration = 0900;
						SystemCapabilities = {
							com.apple.Push = {
								enabled = 1;
							};
						};
					};
				};
			};
			buildConfigurationList = 81BA81401A49DA1800E65899 /* Build configuration list for PBXProject "ParseStarterProject-Swift" */;
			compatibilityVersion = "Xcode 3.2";
			developmentRegion = English;
			hasScannedForEncodings = 0;
			knownRegions = (
				en,
				Base,
			);
			mainGroup = 81BA813C1A49DA1800E65899;
			productRefGroup = 81BA81461A49DA1800E65899 /* Products */;
			projectDirPath = "";
			projectRoot = "";
			targets = (
				81BA81441A49DA1800E65899 /* ParseStarterProject-Swift */,
			);
		};
/* End PBXProject section */

/* Begin PBXResourcesBuildPhase section */
		81BA81431A49DA1800E65899 /* Resources */ = {
			isa = PBXResourcesBuildPhase;
			buildActionMask = 2147483647;
			files = (
				68068D081FA7D9A8001873C7 /* BikeCellX.xib in Resources */,
				68035B571FD8DF0F00A601B2 /* phoneIcon.png in Resources */,
				68A4F605202A871E0090487D /* CustomerOrStoreSelectionView.xib in Resources */,
				C2DB56471FB8C30400F6224D /* Urabo logo.png in Resources */,
				68BBC7892029384800374289 /* spoke-logo-rasterized.png in Resources */,
				C28E5A511FD8987800D3473B /* spoke.png in Resources */,
				C2DB56451FB8C2F600F6224D /* bikeBackground.png in Resources */,
				C2DB56431FB8C2EB00F6224D /* Icons8-Ios7-Transport-Bicycle.ico in Resources */,
				68D4A8171FBE60FA004EF5CA /* Lato-Regular.ttf in Resources */,
				814C3ACA1B69877600E307BB /* Main.storyboard in Resources */,
				814C3ACB1B69877600E307BB /* Images.xcassets in Resources */,
				68BBC78B20293AB100374289 /* Rectangle-2.png in Resources */,
				68BBC7882029384800374289 /* Background.png in Resources */,
				68A4F607202BD2B90090487D /* arrow-right-gray.png in Resources */,
				C2DB56491FB8C30B00F6224D /* square.png in Resources */,
				687F93161F96D95E00253E00 /* GoogleService-Info.plist in Resources */,
				68E8B0C92031021200D5C1B7 /* Image uploaded from iOS.png in Resources */,
			);
			runOnlyForDeploymentPostprocessing = 0;
		};
/* End PBXResourcesBuildPhase section */

/* Begin PBXShellScriptBuildPhase section */
		1AFB618FA165D12943ACD03A /* [CP] Embed Pods Frameworks */ = {
			isa = PBXShellScriptBuildPhase;
			buildActionMask = 2147483647;
			files = (
			);
			inputPaths = (
				"${SRCROOT}/Pods/Target Support Files/Pods-ParseStarterProject-Swift/Pods-ParseStarterProject-Swift-frameworks.sh",
				"${BUILT_PRODUCTS_DIR}/Alamofire/Alamofire.framework",
				"${BUILT_PRODUCTS_DIR}/GoogleToolboxForMac/GoogleToolboxForMac.framework",
				"${BUILT_PRODUCTS_DIR}/Protobuf/Protobuf.framework",
				"${BUILT_PRODUCTS_DIR}/nanopb/nanopb.framework",
			);
			name = "[CP] Embed Pods Frameworks";
			outputPaths = (
				"${TARGET_BUILD_DIR}/${FRAMEWORKS_FOLDER_PATH}/Alamofire.framework",
				"${TARGET_BUILD_DIR}/${FRAMEWORKS_FOLDER_PATH}/GoogleToolboxForMac.framework",
				"${TARGET_BUILD_DIR}/${FRAMEWORKS_FOLDER_PATH}/Protobuf.framework",
				"${TARGET_BUILD_DIR}/${FRAMEWORKS_FOLDER_PATH}/nanopb.framework",
			);
			runOnlyForDeploymentPostprocessing = 0;
			shellPath = /bin/sh;
			shellScript = "\"${SRCROOT}/Pods/Target Support Files/Pods-ParseStarterProject-Swift/Pods-ParseStarterProject-Swift-frameworks.sh\"\n";
			showEnvVarsInLog = 0;
		};
		5FDB8A334EF8619AD45AAD37 /* [CP] Copy Pods Resources */ = {
			isa = PBXShellScriptBuildPhase;
			buildActionMask = 2147483647;
			files = (
			);
			inputPaths = (
			);
			name = "[CP] Copy Pods Resources";
			outputPaths = (
			);
			runOnlyForDeploymentPostprocessing = 0;
			shellPath = /bin/sh;
			shellScript = "\"${SRCROOT}/Pods/Target Support Files/Pods-ParseStarterProject-Swift/Pods-ParseStarterProject-Swift-resources.sh\"\n";
			showEnvVarsInLog = 0;
		};
		695896D21771522681A86B71 /* [CP] Check Pods Manifest.lock */ = {
			isa = PBXShellScriptBuildPhase;
			buildActionMask = 2147483647;
			files = (
			);
			inputPaths = (
				"${PODS_PODFILE_DIR_PATH}/Podfile.lock",
				"${PODS_ROOT}/Manifest.lock",
			);
			name = "[CP] Check Pods Manifest.lock";
			outputPaths = (
				"$(DERIVED_FILE_DIR)/Pods-ParseStarterProject-Swift-checkManifestLockResult.txt",
			);
			runOnlyForDeploymentPostprocessing = 0;
			shellPath = /bin/sh;
			shellScript = "diff \"${PODS_PODFILE_DIR_PATH}/Podfile.lock\" \"${PODS_ROOT}/Manifest.lock\" > /dev/null\nif [ $? != 0 ] ; then\n    # print error to STDERR\n    echo \"error: The sandbox is not in sync with the Podfile.lock. Run 'pod install' or update your CocoaPods installation.\" >&2\n    exit 1\nfi\n# This output is used by Xcode 'outputs' to avoid re-running this script phase.\necho \"SUCCESS\" > \"${SCRIPT_OUTPUT_FILE_0}\"\n";
			showEnvVarsInLog = 0;
		};
/* End PBXShellScriptBuildPhase section */

/* Begin PBXSourcesBuildPhase section */
		81BA81411A49DA1800E65899 /* Sources */ = {
			isa = PBXSourcesBuildPhase;
			buildActionMask = 2147483647;
			files = (
				68A13A811F86FFD90015A6D1 /* ViewBikeViewController.swift in Sources */,
				C212487B1FD618BF00F50C8C /* OpenOrderCollectionView.swift in Sources */,
				C20B6F5E202AB683008656E9 /* LandingPageVC.swift in Sources */,
				6832ABBF1F4526D300D8D49A /* ConfirmBikeVC.swift in Sources */,
				C2ABB955201926E400A003C1 /* EnterPhoneNumberViewController.swift in Sources */,
				C28E5A531FD89DBA00D3473B /* UIExtensions.swift in Sources */,
				6832ABAD1F3BCFA400D8D49A /* BikeListCell.swift in Sources */,
				6832ABB91F45159A00D8D49A /* ViewOrderInfoViewController.swift in Sources */,
				6832ABBB1F451D9F00D8D49A /* CreateWorkOrderViewController.swift in Sources */,
				68D4A83D1FC2359C004EF5CA /* BikeCollectionCell.swift in Sources */,
				6832ABBD1F45259F00D8D49A /* AddBikeScannerVC.swift in Sources */,
				689EF6521F85AD73008066C6 /* AddMessageFromStoreVC.swift in Sources */,
				6832ABAF1F3BDAA000D8D49A /* AddBikeViewController.swift in Sources */,
				68A13A831F870A640015A6D1 /* CustomerAddMessageVC.swift in Sources */,
				68E5D3301F4B6C1E00EFC857 /* WorkListObject.swift in Sources */,
				689B8AB11FAF988200EE395D /* PhotoOfBikeController.swift in Sources */,
				6832ABB71F4119CE00D8D49A /* FoundBikeViewController.swift in Sources */,
				68068D071FA7D9A8001873C7 /* BikeCellX.swift in Sources */,
				6832ABAB1F3BCCA500D8D49A /* BikeListController.swift in Sources */,
				81BA814D1A49DA1800E65899 /* ViewController.swift in Sources */,
				68F173F81F8AB081000CC893 /* CustomerViewCusMessageCell.swift in Sources */,
				68E5D32A1F4B557500EFC857 /* SignUpController.swift in Sources */,
				C2CA1E481FCE774A0064FAB6 /* BikeListHome.swift in Sources */,
				6892573B1FB133530039B40F /* BikeObject.swift in Sources */,
				C24E2030201C24B300485E7A /* ActivateBikeViewController.swift in Sources */,
				6832ABB11F3BEA5F00D8D49A /* DisplayBikeDataViewController.swift in Sources */,
				81BA814B1A49DA1800E65899 /* AppDelegate.swift in Sources */,
				68F173F61F8AAF33000CC893 /* CustomerViewMessageCell.swift in Sources */,
				6832ABA51F3A703300D8D49A /* QRCodeReaderViewController.swift in Sources */,
				68A13A851F8A8F590015A6D1 /* MessageCell.swift in Sources */,
				6832ABB51F4116C100D8D49A /* OpenOrdersViewController.swift in Sources */,
				68E5D32C1F4B6BA300EFC857 /* WorkListValues.swift in Sources */,
				6832ABA91F3BCABA00D8D49A /* SettingsViewController.swift in Sources */,
				6832ABA31F3A664E00D8D49A /* QRCodeGeneratorViewController.swift in Sources */,
				C20B6F64202AE8FF008656E9 /* NewShopPasswordVC.swift in Sources */,
				6832ABB31F3F781200D8D49A /* MessageComposer.swift in Sources */,
				C20B6F62202ADD1B008656E9 /* NewShopAddressVC.swift in Sources */,
				C2E53437202BFA8B0018DC30 /* NewShopPhotoVC.swift in Sources */,
				68F173F41F8AA872000CC893 /* CustomerMessageCell.swift in Sources */,
				687F93181F96DCDB00253E00 /* CommonUtils.swift in Sources */,
				C212487D1FD6198900F50C8C /* BikeOrderCell.swift in Sources */,
				C20B6F60202ACEAB008656E9 /* NewShopPhoneVC.swift in Sources */,
				68E5D3321F4B721C00EFC857 /* AvailableServiceCell.swift in Sources */,
			);
			runOnlyForDeploymentPostprocessing = 0;
		};
/* End PBXSourcesBuildPhase section */

/* Begin PBXVariantGroup section */
		814C3AC61B69877600E307BB /* Main.storyboard */ = {
			isa = PBXVariantGroup;
			children = (
				814C3AC71B69877600E307BB /* Base */,
			);
			name = Main.storyboard;
			path = ../Resources;
			sourceTree = "<group>";
		};
/* End PBXVariantGroup section */

/* Begin XCBuildConfiguration section */
		81BA81621A49DA1800E65899 /* Debug */ = {
			isa = XCBuildConfiguration;
			buildSettings = {
				ALWAYS_SEARCH_USER_PATHS = NO;
				CLANG_CXX_LANGUAGE_STANDARD = "gnu++0x";
				CLANG_CXX_LIBRARY = "libc++";
				CLANG_ENABLE_MODULES = YES;
				CLANG_ENABLE_OBJC_ARC = YES;
				CLANG_WARN_BLOCK_CAPTURE_AUTORELEASING = YES;
				CLANG_WARN_BOOL_CONVERSION = YES;
				CLANG_WARN_COMMA = YES;
				CLANG_WARN_CONSTANT_CONVERSION = YES;
				CLANG_WARN_DIRECT_OBJC_ISA_USAGE = YES_ERROR;
				CLANG_WARN_EMPTY_BODY = YES;
				CLANG_WARN_ENUM_CONVERSION = YES;
				CLANG_WARN_INFINITE_RECURSION = YES;
				CLANG_WARN_INT_CONVERSION = YES;
				CLANG_WARN_NON_LITERAL_NULL_CONVERSION = YES;
				CLANG_WARN_OBJC_LITERAL_CONVERSION = YES;
				CLANG_WARN_OBJC_ROOT_CLASS = YES_ERROR;
				CLANG_WARN_RANGE_LOOP_ANALYSIS = YES;
				CLANG_WARN_STRICT_PROTOTYPES = YES;
				CLANG_WARN_SUSPICIOUS_MOVE = YES;
				CLANG_WARN_UNREACHABLE_CODE = YES;
				CLANG_WARN__DUPLICATE_METHOD_MATCH = YES;
				"CODE_SIGN_IDENTITY[sdk=iphoneos*]" = "iPhone Developer";
				COPY_PHASE_STRIP = NO;
				ENABLE_STRICT_OBJC_MSGSEND = YES;
				ENABLE_TESTABILITY = YES;
				GCC_C_LANGUAGE_STANDARD = gnu99;
				GCC_DYNAMIC_NO_PIC = NO;
				GCC_NO_COMMON_BLOCKS = YES;
				GCC_OPTIMIZATION_LEVEL = 0;
				GCC_PREPROCESSOR_DEFINITIONS = (
					"DEBUG=1",
					"$(inherited)",
				);
				GCC_SYMBOLS_PRIVATE_EXTERN = NO;
				GCC_WARN_64_TO_32_BIT_CONVERSION = YES;
				GCC_WARN_ABOUT_RETURN_TYPE = YES_ERROR;
				GCC_WARN_UNDECLARED_SELECTOR = YES;
				GCC_WARN_UNINITIALIZED_AUTOS = YES_AGGRESSIVE;
				GCC_WARN_UNUSED_FUNCTION = YES;
				GCC_WARN_UNUSED_VARIABLE = YES;
				IPHONEOS_DEPLOYMENT_TARGET = 8.0;
				MTL_ENABLE_DEBUG_INFO = YES;
				ONLY_ACTIVE_ARCH = YES;
				SDKROOT = iphoneos;
				SWIFT_OPTIMIZATION_LEVEL = "-Onone";
				TARGETED_DEVICE_FAMILY = "1,2";
			};
			name = Debug;
		};
		81BA81631A49DA1800E65899 /* Release */ = {
			isa = XCBuildConfiguration;
			buildSettings = {
				ALWAYS_SEARCH_USER_PATHS = NO;
				CLANG_CXX_LANGUAGE_STANDARD = "gnu++0x";
				CLANG_CXX_LIBRARY = "libc++";
				CLANG_ENABLE_MODULES = YES;
				CLANG_ENABLE_OBJC_ARC = YES;
				CLANG_WARN_BLOCK_CAPTURE_AUTORELEASING = YES;
				CLANG_WARN_BOOL_CONVERSION = YES;
				CLANG_WARN_COMMA = YES;
				CLANG_WARN_CONSTANT_CONVERSION = YES;
				CLANG_WARN_DIRECT_OBJC_ISA_USAGE = YES_ERROR;
				CLANG_WARN_EMPTY_BODY = YES;
				CLANG_WARN_ENUM_CONVERSION = YES;
				CLANG_WARN_INFINITE_RECURSION = YES;
				CLANG_WARN_INT_CONVERSION = YES;
				CLANG_WARN_NON_LITERAL_NULL_CONVERSION = YES;
				CLANG_WARN_OBJC_LITERAL_CONVERSION = YES;
				CLANG_WARN_OBJC_ROOT_CLASS = YES_ERROR;
				CLANG_WARN_RANGE_LOOP_ANALYSIS = YES;
				CLANG_WARN_STRICT_PROTOTYPES = YES;
				CLANG_WARN_SUSPICIOUS_MOVE = YES;
				CLANG_WARN_UNREACHABLE_CODE = YES;
				CLANG_WARN__DUPLICATE_METHOD_MATCH = YES;
				"CODE_SIGN_IDENTITY[sdk=iphoneos*]" = "iPhone Developer";
				COPY_PHASE_STRIP = YES;
				ENABLE_NS_ASSERTIONS = NO;
				ENABLE_STRICT_OBJC_MSGSEND = YES;
				GCC_C_LANGUAGE_STANDARD = gnu99;
				GCC_NO_COMMON_BLOCKS = YES;
				GCC_WARN_64_TO_32_BIT_CONVERSION = YES;
				GCC_WARN_ABOUT_RETURN_TYPE = YES_ERROR;
				GCC_WARN_UNDECLARED_SELECTOR = YES;
				GCC_WARN_UNINITIALIZED_AUTOS = YES_AGGRESSIVE;
				GCC_WARN_UNUSED_FUNCTION = YES;
				GCC_WARN_UNUSED_VARIABLE = YES;
				IPHONEOS_DEPLOYMENT_TARGET = 8.0;
				MTL_ENABLE_DEBUG_INFO = NO;
				SDKROOT = iphoneos;
				TARGETED_DEVICE_FAMILY = "1,2";
				VALIDATE_PRODUCT = YES;
			};
			name = Release;
		};
		81BA81651A49DA1800E65899 /* Debug */ = {
			isa = XCBuildConfiguration;
			baseConfigurationReference = E9FD32A9D2CECF65B918DF30 /* Pods-ParseStarterProject-Swift.debug.xcconfig */;
			buildSettings = {
				ASSETCATALOG_COMPILER_APPICON_NAME = AppIcon;
				ASSETCATALOG_COMPILER_LAUNCHIMAGE_NAME = LaunchImage;
				CODE_SIGN_ENTITLEMENTS = "ParseStarterProject-Swift.entitlements";
				DEVELOPMENT_TEAM = R6NAWUBW8J;
				FRAMEWORK_SEARCH_PATHS = (
					"$(inherited)",
					"$(PROJECT_DIR)",
				);
				INFOPLIST_FILE = Resources/Info.plist;
				IPHONEOS_DEPLOYMENT_TARGET = 10.0;
				LD_RUNPATH_SEARCH_PATHS = "$(inherited) @executable_path/Frameworks";
				PRODUCT_BUNDLE_IDENTIFIER = com.garrett.qrscan;
				PRODUCT_NAME = "ParseStarterProject-Swift";
				SWIFT_SWIFT3_OBJC_INFERENCE = Default;
				SWIFT_VERSION = 4.0;
			};
			name = Debug;
		};
		81BA81661A49DA1800E65899 /* Release */ = {
			isa = XCBuildConfiguration;
			baseConfigurationReference = 07745A23F1A3B0A79C38F9E5 /* Pods-ParseStarterProject-Swift.release.xcconfig */;
			buildSettings = {
				ASSETCATALOG_COMPILER_APPICON_NAME = AppIcon;
				ASSETCATALOG_COMPILER_LAUNCHIMAGE_NAME = LaunchImage;
				CODE_SIGN_ENTITLEMENTS = "ParseStarterProject-Swift.entitlements";
				DEVELOPMENT_TEAM = R6NAWUBW8J;
				FRAMEWORK_SEARCH_PATHS = (
					"$(inherited)",
					"$(PROJECT_DIR)",
				);
				INFOPLIST_FILE = Resources/Info.plist;
				IPHONEOS_DEPLOYMENT_TARGET = 10.0;
				LD_RUNPATH_SEARCH_PATHS = "$(inherited) @executable_path/Frameworks";
				PRODUCT_BUNDLE_IDENTIFIER = com.garrett.qrscan;
				PRODUCT_NAME = "ParseStarterProject-Swift";
				SWIFT_OPTIMIZATION_LEVEL = "-Owholemodule";
				SWIFT_SWIFT3_OBJC_INFERENCE = Default;
				SWIFT_VERSION = 4.0;
			};
			name = Release;
		};
/* End XCBuildConfiguration section */

/* Begin XCConfigurationList section */
		81BA81401A49DA1800E65899 /* Build configuration list for PBXProject "ParseStarterProject-Swift" */ = {
			isa = XCConfigurationList;
			buildConfigurations = (
				81BA81621A49DA1800E65899 /* Debug */,
				81BA81631A49DA1800E65899 /* Release */,
			);
			defaultConfigurationIsVisible = 0;
			defaultConfigurationName = Release;
		};
		81BA81641A49DA1800E65899 /* Build configuration list for PBXNativeTarget "ParseStarterProject-Swift" */ = {
			isa = XCConfigurationList;
			buildConfigurations = (
				81BA81651A49DA1800E65899 /* Debug */,
				81BA81661A49DA1800E65899 /* Release */,
			);
			defaultConfigurationIsVisible = 0;
			defaultConfigurationName = Release;
		};
/* End XCConfigurationList section */
	};
	rootObject = 81BA813D1A49DA1800E65899 /* Project object */;
}
